<?xml version="1.0" encoding="utf-8"?>
<Project ToolsVersion="4.0" xmlns="http://schemas.microsoft.com/developer/msbuild/2003">
  <ItemGroup>
    <Filter Include="Source Files">
      <UniqueIdentifier>{4FC737F1-C7A5-4376-A066-2A32D752A2FF}</UniqueIdentifier>
      <Extensions>cpp;c;cc;cxx;def;odl;idl;hpj;bat;asm;asmx</Extensions>
    </Filter>
    <Filter Include="lz4">
      <UniqueIdentifier>{7e006472-c42b-485e-a017-8951275e7892}</UniqueIdentifier>
    </Filter>
    <Filter Include="snappy">
      <UniqueIdentifier>{6d788d77-b83c-4080-b5dc-a19207adfb1f}</UniqueIdentifier>
    </Filter>
  </ItemGroup>
  <ItemGroup>
    <ClCompile Include="main.cpp">
      <Filter>Source Files</Filter>
    </ClCompile>
    <ClCompile Include="lz4\lib\lz4.c">
      <Filter>lz4</Filter>
    </ClCompile>
    <ClCompile Include="lz4\lib\lz4frame.c">
      <Filter>lz4</Filter>
    </ClCompile>
    <ClCompile Include="lz4\lib\lz4hc.c">
      <Filter>lz4</Filter>
    </ClCompile>
    <ClCompile Include="lz4\lib\xxhash.c">
      <Filter>lz4</Filter>
    </ClCompile>
    <ClCompile Include="snappy\snappy-c.cc">
      <Filter>snappy</Filter>
    </ClCompile>
    <ClCompile Include="snappy\snappy.cc">
      <Filter>snappy</Filter>
    </ClCompile>
    <ClCompile Include="snappy\snappy-sinksource.cc">
      <Filter>snappy</Filter>
    </ClCompile>
    <ClCompile Include="snappy\snappy-stubs-internal.cc">
      <Filter>snappy</Filter>
    </ClCompile>
  </ItemGroup>
  <ItemGroup>
    <ClInclude Include="lz4\lib\lz4.h">
      <Filter>lz4</Filter>
    </ClInclude>
    <ClInclude Include="lz4\lib\lz4frame.h">
      <Filter>lz4</Filter>
    </ClInclude>
    <ClInclude Include="lz4\lib\lz4frame_static.h">
      <Filter>lz4</Filter>
    </ClInclude>
    <ClInclude Include="lz4\lib\lz4hc.h">
      <Filter>lz4</Filter>
    </ClInclude>
    <ClInclude Include="lz4\lib\lz4opt.h">
      <Filter>lz4</Filter>
    </ClInclude>
    <ClInclude Include="lz4\lib\xxhash.h">
      <Filter>lz4</Filter>
    </ClInclude>
    <ClInclude Include="snappy\snappy-c.h">
      <Filter>snappy</Filter>
    </ClInclude>
    <ClInclude Include="snappy\snappy.h">
      <Filter>snappy</Filter>
    </ClInclude>
    <ClInclude Include="snappy\snappy-internal.h">
      <Filter>snappy</Filter>
    </ClInclude>
    <ClInclude Include="snappy\snappy-sinksource.h">
      <Filter>snappy</Filter>
    </ClInclude>
    <ClInclude Include="snappy\snappy-stubs-internal.h">
      <Filter>snappy</Filter>
    </ClInclude>
    <ClInclude Include="snappy\snappy-stubs-public.h">
      <Filter>snappy</Filter>
    </ClInclude>
  </ItemGroup>
</Project>